# This file is automatically @generated by Cargo.
# It is not intended for manual editing.
version = 3

[[package]]
name = "adler32"
version = "1.0.2"
source = "registry+https://github.com/rust-lang/crates.io-index"
checksum = "6cbd0b9af8587c72beadc9f72d35b9fbb070982c9e6203e46e93f10df25f8f45"

[[package]]
name = "advapi32-sys"
version = "0.2.0"
source = "registry+https://github.com/rust-lang/crates.io-index"
checksum = "e06588080cb19d0acb6739808aafa5f26bfb2ca015b2b6370028b44cf7cb8a9a"
dependencies = [
 "winapi",
 "winapi-build",
]

[[package]]
name = "aho-corasick"
version = "0.5.3"
source = "registry+https://github.com/rust-lang/crates.io-index"
checksum = "ca972c2ea5f742bfce5687b9aef75506a764f61d37f8f649047846a9686ddb66"
dependencies = [
 "memchr 0.1.11",
]

[[package]]
name = "aho-corasick"
version = "0.6.4"
source = "registry+https://github.com/rust-lang/crates.io-index"
checksum = "d6531d44de723825aa81398a6415283229725a00fa30713812ab9323faa82fc4"
dependencies = [
 "memchr 2.0.1",
]

[[package]]
name = "antidote"
version = "1.0.0"
source = "registry+https://github.com/rust-lang/crates.io-index"
checksum = "34fde25430d87a9388dadbe6e34d7f72a462c8b43ac8d309b42b0a8505d7e2a5"

[[package]]
name = "arrayref"
version = "0.3.4"
source = "registry+https://github.com/rust-lang/crates.io-index"
checksum = "0fd1479b7c29641adbd35ff3b5c293922d696a92f25c8c975da3e0acbc87258f"

[[package]]
name = "base64"
version = "0.6.0"
source = "registry+https://github.com/rust-lang/crates.io-index"
checksum = "96434f987501f0ed4eb336a411e0631ecd1afa11574fe148587adc4ff96143c9"
dependencies = [
 "byteorder",
 "safemem",
]

[[package]]
name = "base64"
version = "0.9.0"
source = "registry+https://github.com/rust-lang/crates.io-index"
checksum = "229d032f1a99302697f10b27167ae6d03d49d032e6a8e2550e8d3fc13356d2b4"
dependencies = [
 "byteorder",
 "safemem",
]

[[package]]
name = "bit-set"
version = "0.4.0"
source = "registry+https://github.com/rust-lang/crates.io-index"
checksum = "d9bf6104718e80d7b26a68fdbacff3481cfc05df670821affc7e9cbc1884400c"
dependencies = [
 "bit-vec",
]

[[package]]
name = "bit-vec"
version = "0.4.4"
source = "registry+https://github.com/rust-lang/crates.io-index"
checksum = "02b4ff8b16e6076c3e14220b39fbc1fabb6737522281a388998046859400895f"

[[package]]
name = "bitflags"
version = "0.7.0"
source = "registry+https://github.com/rust-lang/crates.io-index"
checksum = "aad18937a628ec6abcd26d1489012cc0e18c21798210f491af69ded9b881106d"

[[package]]
name = "bitflags"
version = "0.9.1"
source = "registry+https://github.com/rust-lang/crates.io-index"
checksum = "4efd02e230a02e18f92fc2735f44597385ed02ad8f831e7c1c1156ee5e1ab3a5"

[[package]]
name = "bitflags"
version = "1.0.1"
source = "registry+https://github.com/rust-lang/crates.io-index"
checksum = "b3c30d3802dfb7281680d6285f2ccdaa8c2d8fee41f93805dba5c4cf50dc23cf"

[[package]]
name = "block-buffer"
version = "0.3.3"
source = "registry+https://github.com/rust-lang/crates.io-index"
checksum = "a076c298b9ecdb530ed9d967e74a6027d6a7478924520acddcddc24c1c8ab3ab"
dependencies = [
 "arrayref",
 "byte-tools",
]

[[package]]
name = "build_const"
version = "0.2.0"
source = "registry+https://github.com/rust-lang/crates.io-index"
checksum = "e90dc84f5e62d2ebe7676b83c22d33b6db8bd27340fb6ffbff0a364efa0cb9c9"

[[package]]
name = "byte-tools"
version = "0.2.0"
source = "registry+https://github.com/rust-lang/crates.io-index"
checksum = "560c32574a12a89ecd91f5e742165893f86e3ab98d21f8ea548658eb9eef5f40"

[[package]]
name = "byteorder"
version = "1.2.1"
source = "registry+https://github.com/rust-lang/crates.io-index"
checksum = "652805b7e73fada9d85e9a6682a4abd490cb52d96aeecc12e33a0de34dfd0d23"

[[package]]
name = "bytes"
version = "0.4.5"
source = "registry+https://github.com/rust-lang/crates.io-index"
checksum = "d828f97b58cc5de3e40c421d0cf2132d6b2da4ee0e11b8632fa838f0f9333ad6"
dependencies = [
 "byteorder",
 "iovec",
]

[[package]]
name = "cc"
version = "1.0.3"
source = "registry+https://github.com/rust-lang/crates.io-index"
checksum = "a9b13a57efd6b30ecd6598ebdb302cca617930b5470647570468a65d12ef9719"

[[package]]
name = "cfg-if"
version = "0.1.2"
source = "registry+https://github.com/rust-lang/crates.io-index"
checksum = "d4c819a1287eb618df47cc647173c5c4c66ba19d888a6e50d605672aed3140de"

[[package]]
name = "chrono"
version = "0.4.2"
source = "registry+https://github.com/rust-lang/crates.io-index"
checksum = "1cce36c92cb605414e9b824f866f5babe0a0368e39ea07393b9b63cf3844c0e6"
dependencies = [
 "num-integer",
 "num-traits 0.2.4",
 "time",
]

[[package]]
name = "coco"
version = "0.1.1"
source = "registry+https://github.com/rust-lang/crates.io-index"
checksum = "c06169f5beb7e31c7c67ebf5540b8b472d23e3eade3b2ec7d1f5b504a85f91bd"
dependencies = [
 "either",
 "scopeguard",
]

[[package]]
name = "constant_time_eq"
version = "0.1.3"
source = "registry+https://github.com/rust-lang/crates.io-index"
checksum = "8ff012e225ce166d4422e0e78419d901719760f62ae2b7969ca6b564d1b54a9e"

[[package]]
name = "cookie"
version = "0.9.2"
source = "registry+https://github.com/rust-lang/crates.io-index"
checksum = "477eb650753e319be2ae77ec368a58c638f9f0c4d941c39bad95e950fb1d1d0d"
dependencies = [
 "base64 0.6.0",
 "ring",
 "time",
 "url",
]

[[package]]
name = "core-foundation"
version = "0.2.3"
source = "registry+https://github.com/rust-lang/crates.io-index"
checksum = "25bfd746d203017f7d5cbd31ee5d8e17f94b6521c7af77ece6c9e4b2d4b16c67"
dependencies = [
 "core-foundation-sys",
 "libc",
]

[[package]]
name = "core-foundation-sys"
version = "0.2.3"
source = "registry+https://github.com/rust-lang/crates.io-index"
checksum = "065a5d7ffdcbc8fa145d6f0746f3555025b9097a9e9cda59f7467abae670c78d"
dependencies = [
 "libc",
]

[[package]]
name = "crc"
version = "1.6.0"
source = "registry+https://github.com/rust-lang/crates.io-index"
checksum = "64d4a687c40efbc7d376958117b34d5f1cece11709110a742405bf58e7a34f00"
dependencies = [
 "build_const",
]

[[package]]
name = "crypt32-sys"
version = "0.2.0"
source = "registry+https://github.com/rust-lang/crates.io-index"
checksum = "e34988f7e069e0b2f3bfc064295161e489b2d4e04a2e4248fb94360cdf00b4ec"
dependencies = [
 "winapi",
 "winapi-build",
]

[[package]]
name = "crypto-mac"
version = "0.4.0"
source = "registry+https://github.com/rust-lang/crates.io-index"
checksum = "779015233ac67d65098614aec748ac1c756ab6677fa2e14cf8b37c08dfed1198"
dependencies = [
 "constant_time_eq",
 "generic-array",
]

[[package]]
name = "debug_unreachable"
version = "0.1.1"
source = "registry+https://github.com/rust-lang/crates.io-index"
checksum = "9a032eac705ca39214d169f83e3d3da290af06d8d1d344d1baad2fd002dca4b3"
dependencies = [
 "unreachable 0.1.1",
]

[[package]]
name = "derive-error-chain"
version = "0.10.1"
source = "registry+https://github.com/rust-lang/crates.io-index"
checksum = "3c9ca9ade651388daad7c993f005d0d20c4f6fe78c1cdc93e95f161c6f5ede4a"
dependencies = [
 "quote 0.3.15",
 "syn 0.11.11",
]

[[package]]
name = "diesel"
version = "0.16.0"
source = "registry+https://github.com/rust-lang/crates.io-index"
checksum = "304226fa7a3982b0405f6bb95dd9c10c3e2000709f194038a60ec2c277150951"
dependencies = [
 "bitflags 0.9.1",
 "byteorder",
 "pq-sys",
]

[[package]]
name = "diesel"
version = "1.4.6"
source = "registry+https://github.com/rust-lang/crates.io-index"
checksum = "047bfc4d5c3bd2ef6ca6f981941046113524b9a9f9a7cbdfdd7ff40f58e6f542"
dependencies = [
 "bitflags 1.0.1",
 "byteorder",
 "diesel_derives",
 "pq-sys",
]

[[package]]
name = "diesel_codegen"
version = "0.16.0"
source = "registry+https://github.com/rust-lang/crates.io-index"
checksum = "18a42ca5c9b660add51d58bc5a50a87123380e1e458069c5504528a851ed7384"
dependencies = [
 "diesel 0.16.0",
 "diesel_infer_schema",
 "dotenv",
 "quote 0.3.15",
 "syn 0.11.11",
]

[[package]]
name = "diesel_derives"
version = "1.4.1"
source = "registry+https://github.com/rust-lang/crates.io-index"
checksum = "45f5098f628d02a7a0f68ddba586fb61e80edec3bdc1be3b921f4ceec60858d3"
dependencies = [
 "proc-macro2",
 "quote 1.0.18",
 "syn 1.0.96",
]

[[package]]
name = "diesel_infer_schema"
version = "0.16.0"
source = "registry+https://github.com/rust-lang/crates.io-index"
checksum = "bf1957ff5cd3b04772e43c162c2f69c2aa918080ff9b020276792d236be8be52"
dependencies = [
 "diesel 0.16.0",
]

[[package]]
name = "digest"
version = "0.6.2"
source = "registry+https://github.com/rust-lang/crates.io-index"
checksum = "e5b29bf156f3f4b3c4f610a25ff69370616ae6e0657d416de22645483e72af0a"
dependencies = [
 "generic-array",
]

[[package]]
name = "dotenv"
version = "0.10.1"
source = "registry+https://github.com/rust-lang/crates.io-index"
checksum = "d6f0e2bb24d163428d8031d3ebd2d2bd903ad933205a97d0f18c7c1aade380f3"
dependencies = [
 "derive-error-chain",
 "error-chain",
 "regex 0.2.3",
]

[[package]]
name = "dtoa"
version = "0.4.2"
source = "registry+https://github.com/rust-lang/crates.io-index"
checksum = "09c3753c3db574d215cba4ea76018483895d7bff25a31b49ba45db21c48e50ab"

[[package]]
name = "egg-mode"
version = "0.12.0"
source = "registry+https://github.com/rust-lang/crates.io-index"
checksum = "b268cd96a3680c07efa1aed45f054d3c8075e5432d7cc82ef6ded95c76c41609"
dependencies = [
 "chrono",
 "futures",
 "hmac",
 "hyper 0.11.10",
 "hyper-tls",
 "lazy_static 0.2.11",
 "mime 0.3.5",
 "native-tls",
 "rand",
 "regex 0.1.80",
 "rustc-serialize",
 "sha-1",
 "tokio-core",
 "url",
]

[[package]]
name = "either"
version = "1.4.0"
source = "registry+https://github.com/rust-lang/crates.io-index"
checksum = "740178ddf48b1a9e878e6d6509a1442a2d42fd2928aae8e7a6f8a36fb01981b3"

[[package]]
name = "error-chain"
version = "0.10.0"
source = "registry+https://github.com/rust-lang/crates.io-index"
checksum = "d9435d864e017c3c6afeac1654189b06cdb491cf2ff73dbf0d73b0f292f42ff8"

[[package]]
name = "fake-news-api"
version = "0.1.0"
dependencies = [
 "cookie",
 "diesel 1.4.6",
 "diesel_codegen",
 "egg-mode",
 "md5",
 "r2d2",
 "r2d2-diesel",
 "reqwest",
 "rocket",
 "rocket_codegen",
 "rocket_contrib",
 "select",
 "serde",
 "serde_derive",
 "serde_json",
 "tokio-core",
]

[[package]]
name = "fake-simd"
version = "0.1.2"
source = "registry+https://github.com/rust-lang/crates.io-index"
checksum = "e88a8acf291dafb59c2d96e8f59828f3838bb1a70398823ade51a84de6a6deed"

[[package]]
name = "foreign-types"
version = "0.3.2"
source = "registry+https://github.com/rust-lang/crates.io-index"
checksum = "f6f339eb8adc052cd2ca78910fda869aefa38d22d5cb648e6485e4d3fc06f3b1"
dependencies = [
 "foreign-types-shared",
]

[[package]]
name = "foreign-types-shared"
version = "0.1.1"
source = "registry+https://github.com/rust-lang/crates.io-index"
checksum = "00b0228411908ca8685dba7fc2cdd70ec9990a6e753e89b6ac91a84c40fbaf4b"

[[package]]
name = "fuchsia-zircon"
version = "0.2.1"
source = "registry+https://github.com/rust-lang/crates.io-index"
checksum = "f6c0581a4e363262e52b87f59ee2afe3415361c6ec35e665924eb08afe8ff159"
dependencies = [
 "fuchsia-zircon-sys 0.2.0",
]

[[package]]
name = "fuchsia-zircon"
version = "0.3.2"
source = "registry+https://github.com/rust-lang/crates.io-index"
checksum = "bd510087c325af53ba24f3be8f1c081b0982319adcb8b03cad764512923ccc19"
dependencies = [
 "bitflags 1.0.1",
 "fuchsia-zircon-sys 0.3.2",
]

[[package]]
name = "fuchsia-zircon-sys"
version = "0.2.0"
source = "registry+https://github.com/rust-lang/crates.io-index"
checksum = "43f3795b4bae048dc6123a6b972cadde2e676f9ded08aef6bb77f5f157684a82"
dependencies = [
 "bitflags 0.7.0",
]

[[package]]
name = "fuchsia-zircon-sys"
version = "0.3.2"
source = "registry+https://github.com/rust-lang/crates.io-index"
checksum = "08b3a6f13ad6b96572b53ce7af74543132f1a7055ccceb6d073dd36c54481859"

[[package]]
name = "futf"
version = "0.1.3"
source = "registry+https://github.com/rust-lang/crates.io-index"
checksum = "51f93f3de6ba1794dcd5810b3546d004600a59a98266487c8407bc4b24e398f3"
dependencies = [
 "debug_unreachable",
 "mac",
]

[[package]]
name = "futures"
version = "0.1.17"
source = "registry+https://github.com/rust-lang/crates.io-index"
checksum = "118b49cac82e04121117cbd3121ede3147e885627d82c4546b87c702debb90c1"

[[package]]
name = "futures-cpupool"
version = "0.1.7"
source = "registry+https://github.com/rust-lang/crates.io-index"
checksum = "e86f49cc0d92fe1b97a5980ec32d56208272cbb00f15044ea9e2799dde766fdf"
dependencies = [
 "futures",
 "num_cpus",
]

[[package]]
name = "gcc"
version = "0.3.54"
source = "registry+https://github.com/rust-lang/crates.io-index"
checksum = "5e33ec290da0d127825013597dbdfc28bee4964690c7ce1166cbc2a7bd08b1bb"

[[package]]
name = "generic-array"
version = "0.8.3"
source = "registry+https://github.com/rust-lang/crates.io-index"
checksum = "fceb69994e330afed50c93524be68c42fa898c2d9fd4ee8da03bd7363acd26f2"
dependencies = [
 "nodrop",
 "typenum",
]

[[package]]
name = "glob"
version = "0.2.11"
source = "registry+https://github.com/rust-lang/crates.io-index"
checksum = "8be18de09a56b60ed0edf84bc9df007e30040691af7acd1c41874faac5895bfb"

[[package]]
name = "handlebars"
version = "0.27.0"
source = "registry+https://github.com/rust-lang/crates.io-index"
checksum = "ef7567daf271a32e60301e4821fcb5b51a5b535167115d1ce04f46c3f0a15f0b"
dependencies = [
 "lazy_static 0.2.11",
 "log 0.3.9",
 "pest",
 "quick-error",
 "regex 0.2.3",
 "serde",
 "serde_json",
]

[[package]]
name = "hmac"
version = "0.4.2"
source = "registry+https://github.com/rust-lang/crates.io-index"
checksum = "7a13f4163aa0c5ca1be584aace0e2212b2e41be5478218d4f657f5f778b2ae2a"
dependencies = [
 "crypto-mac",
 "digest",
 "generic-array",
]

[[package]]
name = "html5ever"
version = "0.18.0"
source = "registry+https://github.com/rust-lang/crates.io-index"
checksum = "a49d5001dd1bddf042ea41ed4e0a671d50b1bf187e66b349d7ec613bdce4ad90"
dependencies = [
 "log 0.3.9",
 "mac",
 "markup5ever",
 "quote 0.3.15",
 "syn 0.11.11",
]

[[package]]
name = "httparse"
version = "1.2.3"
source = "registry+https://github.com/rust-lang/crates.io-index"
checksum = "af2f2dd97457e8fb1ae7c5a420db346af389926e36f43768b96f101546b04a07"

[[package]]
name = "hyper"
version = "0.10.13"
source = "registry+https://github.com/rust-lang/crates.io-index"
checksum = "368cb56b2740ebf4230520e2b90ebb0461e69034d85d1945febd9b3971426db2"
dependencies = [
 "base64 0.6.0",
 "httparse",
 "language-tags",
 "log 0.3.9",
 "mime 0.2.6",
 "num_cpus",
 "time",
 "traitobject",
 "typeable",
 "unicase 1.4.2",
 "url",
]

[[package]]
name = "hyper"
version = "0.11.10"
source = "registry+https://github.com/rust-lang/crates.io-index"
checksum = "4844b207be8393981c5fcb61c9372d7c96432fcc8f5c3431a255a9d19b5c298b"
dependencies = [
 "base64 0.9.0",
 "bytes",
 "futures",
 "futures-cpupool",
 "httparse",
 "language-tags",
 "log 0.3.9",
 "mime 0.3.5",
 "percent-encoding",
 "relay",
 "time",
 "tokio-core",
 "tokio-io",
 "tokio-proto",
 "tokio-service",
 "unicase 2.1.0",
]

[[package]]
name = "hyper-tls"
version = "0.1.2"
source = "registry+https://github.com/rust-lang/crates.io-index"
checksum = "9c81fa95203e2a6087242c38691a0210f23e9f3f8f944350bd676522132e2985"
dependencies = [
 "futures",
 "hyper 0.11.10",
 "native-tls",
 "tokio-core",
 "tokio-io",
 "tokio-service",
 "tokio-tls",
]

[[package]]
name = "idna"
version = "0.1.4"
source = "registry+https://github.com/rust-lang/crates.io-index"
checksum = "014b298351066f1512874135335d62a789ffe78a9974f94b43ed5621951eaf7d"
dependencies = [
 "matches",
 "unicode-bidi",
 "unicode-normalization",
]

[[package]]
name = "iovec"
version = "0.1.1"
source = "registry+https://github.com/rust-lang/crates.io-index"
checksum = "b6e8b9c2247fcf6c6a1151f1156932be5606c9fd6f55a2d7f9fc1cb29386b2f7"
dependencies = [
 "libc",
 "winapi",
]

[[package]]
name = "isatty"
version = "0.1.6"
source = "registry+https://github.com/rust-lang/crates.io-index"
checksum = "8f2a233726c7bb76995cec749d59582e5664823b7245d4970354408f1d79a7a2"
dependencies = [
 "kernel32-sys",
 "libc",
 "termion",
 "winapi",
]

[[package]]
name = "itoa"
version = "0.3.4"
source = "registry+https://github.com/rust-lang/crates.io-index"
checksum = "8324a32baf01e2ae060e9de58ed0bc2320c9a2833491ee36cd3b4c414de4db8c"

[[package]]
name = "kernel32-sys"
version = "0.2.2"
source = "registry+https://github.com/rust-lang/crates.io-index"
checksum = "7507624b29483431c0ba2d82aece8ca6cdba9382bff4ddd0f7490560c056098d"
dependencies = [
 "winapi",
 "winapi-build",
]

[[package]]
name = "language-tags"
version = "0.2.2"
source = "registry+https://github.com/rust-lang/crates.io-index"
checksum = "a91d884b6667cd606bb5a69aa0c99ba811a115fc68915e7056ec08a46e93199a"

[[package]]
name = "lazy_static"
version = "0.2.11"
source = "registry+https://github.com/rust-lang/crates.io-index"
checksum = "76f033c7ad61445c5b347c7382dd1237847eb1bce590fe50365dcb33d546be73"

[[package]]
name = "lazy_static"
version = "1.0.0"
source = "registry+https://github.com/rust-lang/crates.io-index"
checksum = "c8f31047daa365f19be14b47c29df4f7c3b581832407daabe6ae77397619237d"

[[package]]
name = "lazycell"
version = "0.5.1"
source = "registry+https://github.com/rust-lang/crates.io-index"
checksum = "3b585b7a6811fb03aa10e74b278a0f00f8dd9b45dc681f148bb29fa5cb61859b"

[[package]]
name = "libc"
version = "0.2.34"
source = "registry+https://github.com/rust-lang/crates.io-index"
checksum = "36fbc8a8929c632868295d0178dd8f63fc423fd7537ad0738372bd010b3ac9b0"

[[package]]
name = "libflate"
version = "0.1.13"
source = "registry+https://github.com/rust-lang/crates.io-index"
checksum = "6e0ae8f2ea4a426e1af2c2c1ba5696bd597368afe5068f9485fc960973fe6dfb"
dependencies = [
 "adler32",
 "byteorder",
 "crc",
]

[[package]]
name = "log"
version = "0.3.9"
source = "registry+https://github.com/rust-lang/crates.io-index"
checksum = "e19e8d5c34a3e0e2223db8e060f9e8264aeeb5c5fc64a4ee9965c062211c024b"
dependencies = [
 "log 0.4.0",
]

[[package]]
name = "log"
version = "0.4.0"
source = "registry+https://github.com/rust-lang/crates.io-index"
checksum = "b3a89a0c46ba789b8a247d4c567aed4d7c68e624672d238b45cc3ec20dc9f940"
dependencies = [
 "cfg-if",
]

[[package]]
name = "mac"
version = "0.1.1"
source = "registry+https://github.com/rust-lang/crates.io-index"
checksum = "c41e0c4fef86961ac6d6f8a82609f55f31b05e4fce149ac5710e439df7619ba4"

[[package]]
name = "markup5ever"
version = "0.3.2"
source = "registry+https://github.com/rust-lang/crates.io-index"
checksum = "ff834ac7123c6a37826747e5ca09db41fd7a83126792021c2e636ad174bb77d3"
dependencies = [
 "phf",
 "phf_codegen",
 "rustc-serialize",
 "string_cache",
 "string_cache_codegen",
 "tendril",
]

[[package]]
name = "matches"
version = "0.1.6"
source = "registry+https://github.com/rust-lang/crates.io-index"
checksum = "100aabe6b8ff4e4a7e32c1c13523379802df0772b82466207ac25b013f193376"

[[package]]
name = "md5"
version = "0.3.6"
source = "registry+https://github.com/rust-lang/crates.io-index"
checksum = "b6d9aab58e540f50b59d5cfa7f0da4c3d437476890e1e0b6206e230dce55a23c"

[[package]]
name = "memchr"
version = "0.1.11"
source = "registry+https://github.com/rust-lang/crates.io-index"
checksum = "d8b629fb514376c675b98c1421e80b151d3817ac42d7c667717d282761418d20"
dependencies = [
 "libc",
]

[[package]]
name = "memchr"
version = "1.0.2"
source = "registry+https://github.com/rust-lang/crates.io-index"
checksum = "148fab2e51b4f1cfc66da2a7c32981d1d3c083a803978268bb11fe4b86925e7a"
dependencies = [
 "libc",
]

[[package]]
name = "memchr"
version = "2.0.1"
source = "registry+https://github.com/rust-lang/crates.io-index"
checksum = "796fba70e76612589ed2ce7f45282f5af869e0fdd7cc6199fa1aa1f1d591ba9d"
dependencies = [
 "libc",
]

[[package]]
name = "mime"
version = "0.2.6"
source = "registry+https://github.com/rust-lang/crates.io-index"
checksum = "ba626b8a6de5da682e1caa06bdb42a335aee5a84db8e5046a3e8ab17ba0a3ae0"
dependencies = [
 "log 0.3.9",
]

[[package]]
name = "mime"
version = "0.3.5"
source = "registry+https://github.com/rust-lang/crates.io-index"
checksum = "e2e00e17be181010a91dbfefb01660b17311059dc8c7f48b9017677721e732bd"
dependencies = [
 "unicase 2.1.0",
]

[[package]]
name = "mime_guess"
version = "2.0.0-alpha.3"
source = "registry+https://github.com/rust-lang/crates.io-index"
checksum = "013572795763289e14710c7b279461295f2673b2b338200c235082cd7ca9e495"
dependencies = [
 "mime 0.3.5",
 "phf",
 "phf_codegen",
 "unicase 1.4.2",
]

[[package]]
name = "mio"
version = "0.6.11"
source = "registry+https://github.com/rust-lang/crates.io-index"
checksum = "0e8411968194c7b139e9105bc4ae7db0bae232af087147e72f0616ebf5fdb9cb"
dependencies = [
 "fuchsia-zircon 0.2.1",
 "fuchsia-zircon-sys 0.2.0",
 "iovec",
 "kernel32-sys",
 "lazycell",
 "libc",
 "log 0.3.9",
 "miow",
 "net2",
 "slab 0.3.0",
 "winapi",
]

[[package]]
name = "miow"
version = "0.2.1"
source = "registry+https://github.com/rust-lang/crates.io-index"
checksum = "8c1f2f3b1cf331de6896aabf6e9d55dca90356cc9960cca7eaaf408a355ae919"
dependencies = [
 "kernel32-sys",
 "net2",
 "winapi",
 "ws2_32-sys",
]

[[package]]
name = "native-tls"
version = "0.1.4"
source = "registry+https://github.com/rust-lang/crates.io-index"
checksum = "04b781c9134a954c84f0594b9ab3f5606abc516030388e8511887ef4c204a1e5"
dependencies = [
 "openssl",
 "schannel",
 "security-framework",
 "security-framework-sys",
 "tempdir",
]

[[package]]
name = "net2"
version = "0.2.31"
source = "registry+https://github.com/rust-lang/crates.io-index"
checksum = "3a80f842784ef6c9a958b68b7516bc7e35883c614004dd94959a4dca1b716c09"
dependencies = [
 "cfg-if",
 "kernel32-sys",
 "libc",
 "winapi",
 "ws2_32-sys",
]

[[package]]
name = "nodrop"
version = "0.1.12"
source = "registry+https://github.com/rust-lang/crates.io-index"
checksum = "9a2228dca57108069a5262f2ed8bd2e82496d2e074a06d1ccc7ce1687b6ae0a2"

[[package]]
name = "num-integer"
version = "0.1.38"
source = "registry+https://github.com/rust-lang/crates.io-index"
checksum = "6ac0ea58d64a89d9d6b7688031b3be9358d6c919badcf7fbb0527ccfd891ee45"
dependencies = [
 "num-traits 0.2.4",
]

[[package]]
name = "num-traits"
version = "0.1.41"
source = "registry+https://github.com/rust-lang/crates.io-index"
checksum = "cacfcab5eb48250ee7d0c7896b51a2c5eec99c1feea5f32025635f5ae4b00070"

[[package]]
name = "num-traits"
version = "0.2.4"
source = "registry+https://github.com/rust-lang/crates.io-index"
checksum = "775393e285254d2f5004596d69bb8bc1149754570dcc08cf30cabeba67955e28"

[[package]]
name = "num_cpus"
version = "1.8.0"
source = "registry+https://github.com/rust-lang/crates.io-index"
checksum = "c51a3322e4bca9d212ad9a158a02abc6934d005490c054a2778df73a70aa0a30"
dependencies = [
 "libc",
]

[[package]]
name = "openssl"
version = "0.9.23"
source = "registry+https://github.com/rust-lang/crates.io-index"
checksum = "169a4b9160baf9b9b1ab975418c673686638995ba921683a7f1e01470dcb8854"
dependencies = [
 "bitflags 0.9.1",
 "foreign-types",
 "lazy_static 1.0.0",
 "libc",
 "openssl-sys",
]

[[package]]
name = "openssl-sys"
version = "0.9.23"
source = "registry+https://github.com/rust-lang/crates.io-index"
checksum = "2200ffec628e3f14c39fc0131a301db214f1a7d584e36507ee8700b0c7fb7a46"
dependencies = [
 "cc",
 "libc",
 "pkg-config",
 "vcpkg",
]

[[package]]
name = "ordermap"
version = "0.2.13"
source = "registry+https://github.com/rust-lang/crates.io-index"
checksum = "b81cf3b8cb96aa0e73bbedfcdc9708d09fec2854ba8d474be4e6f666d7379e8b"

[[package]]
name = "pear"
version = "0.0.12"
source = "registry+https://github.com/rust-lang/crates.io-index"
checksum = "b5c2dabd6c1650d9bfac8e46be7b518b31c3885ab4412de1aca330938616c5bd"

[[package]]
name = "pear_codegen"
version = "0.0.12"
source = "registry+https://github.com/rust-lang/crates.io-index"
checksum = "df863bb78b3ee6b049278324eea8df6b2553a8db9a3504c0e32cfcc17bc8d18c"
dependencies = [
 "version_check",
 "yansi",
]

[[package]]
name = "percent-encoding"
version = "1.0.1"
source = "registry+https://github.com/rust-lang/crates.io-index"
checksum = "31010dd2e1ac33d5b46a5b413495239882813e0369f8ed8a5e266f173602f831"

[[package]]
name = "pest"
version = "0.3.3"
source = "registry+https://github.com/rust-lang/crates.io-index"
checksum = "0a6dda33d67c26f0aac90d324ab2eb7239c819fc7b2552fe9faa4fe88441edc8"

[[package]]
name = "phf"
version = "0.7.21"
source = "registry+https://github.com/rust-lang/crates.io-index"
checksum = "cb325642290f28ee14d8c6201159949a872f220c62af6e110a56ea914fbe42fc"
dependencies = [
 "phf_shared",
]

[[package]]
name = "phf_codegen"
version = "0.7.21"
source = "registry+https://github.com/rust-lang/crates.io-index"
checksum = "d62594c0bb54c464f633175d502038177e90309daf2e0158be42ed5f023ce88f"
dependencies = [
 "phf_generator",
 "phf_shared",
]

[[package]]
name = "phf_generator"
version = "0.7.21"
source = "registry+https://github.com/rust-lang/crates.io-index"
checksum = "6b07ffcc532ccc85e3afc45865469bf5d9e4ef5bfcf9622e3cfe80c2d275ec03"
dependencies = [
 "phf_shared",
 "rand",
]

[[package]]
name = "phf_shared"
version = "0.7.21"
source = "registry+https://github.com/rust-lang/crates.io-index"
checksum = "07e24b0ca9643bdecd0632f2b3da6b1b89bbb0030e0b992afc1113b23a7bc2f2"
dependencies = [
 "siphasher",
 "unicase 1.4.2",
]

[[package]]
name = "pkg-config"
version = "0.3.9"
source = "registry+https://github.com/rust-lang/crates.io-index"
checksum = "3a8b4c6b8165cd1a1cd4b9b120978131389f64bdaf456435caa41e630edba903"

[[package]]
name = "pq-sys"
version = "0.4.4"
source = "registry+https://github.com/rust-lang/crates.io-index"
checksum = "4dfb5e575ef93a1b7b2a381d47ba7c5d4e4f73bff37cee932195de769aad9a54"
dependencies = [
 "vcpkg",
]

[[package]]
name = "precomputed-hash"
version = "0.1.1"
source = "registry+https://github.com/rust-lang/crates.io-index"
checksum = "925383efa346730478fb4838dbe9137d2a47675ad789c546d150a6e1dd4ab31c"

[[package]]
name = "proc-macro2"
version = "1.0.39"
source = "registry+https://github.com/rust-lang/crates.io-index"
checksum = "c54b25569025b7fc9651de43004ae593a75ad88543b17178aa5e1b9c4f15f56f"
dependencies = [
 "unicode-ident",
]

[[package]]
name = "quick-error"
version = "1.2.1"
source = "registry+https://github.com/rust-lang/crates.io-index"
checksum = "eda5fe9b71976e62bc81b781206aaa076401769b2143379d3eb2118388babac4"

[[package]]
name = "quote"
version = "0.3.15"
source = "registry+https://github.com/rust-lang/crates.io-index"
checksum = "7a6e920b65c65f10b2ae65c831a81a073a89edd28c7cce89475bff467ab4167a"

[[package]]
name = "quote"
version = "1.0.18"
source = "registry+https://github.com/rust-lang/crates.io-index"
checksum = "a1feb54ed693b93a84e14094943b84b7c4eae204c512b7ccb95ab0c66d278ad1"
dependencies = [
 "proc-macro2",
]

[[package]]
name = "r2d2"
version = "0.7.4"
source = "registry+https://github.com/rust-lang/crates.io-index"
checksum = "2c8284508b38df440f8f3527395e23c4780b22f74226b270daf58fee38e4bcce"
dependencies = [
 "antidote",
 "log 0.3.9",
 "scheduled-thread-pool",
]

[[package]]
name = "r2d2-diesel"
version = "0.16.0"
source = "registry+https://github.com/rust-lang/crates.io-index"
checksum = "f6b921696a6c45991296d21b52ed973b9fb56f6c47524fda1f99458c2d6c0478"
dependencies = [
 "diesel 0.16.0",
 "r2d2",
]

[[package]]
name = "rand"
version = "0.3.19"
source = "registry+https://github.com/rust-lang/crates.io-index"
checksum = "9e7944d95d25ace8f377da3ac7068ce517e4c646754c43a1b1849177bbf72e59"
dependencies = [
 "fuchsia-zircon 0.3.2",
 "libc",
]

[[package]]
name = "rayon"
version = "0.7.1"
source = "registry+https://github.com/rust-lang/crates.io-index"
checksum = "a77c51c07654ddd93f6cb543c7a849863b03abc7e82591afda6dc8ad4ac3ac4a"
dependencies = [
 "rayon-core",
]

[[package]]
name = "rayon-core"
version = "1.3.0"
source = "registry+https://github.com/rust-lang/crates.io-index"
checksum = "e64b609139d83da75902f88fd6c01820046840a18471e4dfcd5ac7c0f46bea53"
dependencies = [
 "coco",
 "lazy_static 0.2.11",
 "libc",
 "num_cpus",
 "rand",
]

[[package]]
name = "redox_syscall"
version = "0.1.33"
source = "registry+https://github.com/rust-lang/crates.io-index"
checksum = "07b8f011e3254d5a9b318fde596d409a0001c9ae4c6e7907520c2eaa4d988c99"

[[package]]
name = "redox_termios"
version = "0.1.1"
source = "registry+https://github.com/rust-lang/crates.io-index"
checksum = "7e891cfe48e9100a70a3b6eb652fef28920c117d366339687bd5576160db0f76"
dependencies = [
 "redox_syscall",
]

[[package]]
name = "regex"
version = "0.1.80"
source = "registry+https://github.com/rust-lang/crates.io-index"
checksum = "4fd4ace6a8cf7860714a2c2280d6c1f7e6a413486c13298bbc86fd3da019402f"
dependencies = [
 "aho-corasick 0.5.3",
 "memchr 0.1.11",
 "regex-syntax 0.3.9",
 "thread_local 0.2.7",
 "utf8-ranges 0.1.3",
]

[[package]]
name = "regex"
version = "0.2.3"
source = "registry+https://github.com/rust-lang/crates.io-index"
checksum = "ac6ab4e9218ade5b423358bbd2567d1617418403c7a512603630181813316322"
dependencies = [
 "aho-corasick 0.6.4",
 "memchr 2.0.1",
 "regex-syntax 0.4.1",
 "thread_local 0.3.5",
 "utf8-ranges 1.0.0",
]

[[package]]
name = "regex-syntax"
version = "0.3.9"
source = "registry+https://github.com/rust-lang/crates.io-index"
checksum = "f9ec002c35e86791825ed294b50008eea9ddfc8def4420124fbc6b08db834957"

[[package]]
name = "regex-syntax"
version = "0.4.1"
source = "registry+https://github.com/rust-lang/crates.io-index"
checksum = "ad890a5eef7953f55427c50575c680c42841653abd2b028b68cd223d157f62db"

[[package]]
name = "relay"
version = "0.1.0"
source = "registry+https://github.com/rust-lang/crates.io-index"
checksum = "f301bafeb60867c85170031bdb2fcf24c8041f33aee09e7b116a58d4e9f781c5"
dependencies = [
 "futures",
]

[[package]]
name = "reqwest"
version = "0.8.2"
source = "registry+https://github.com/rust-lang/crates.io-index"
checksum = "3161ca63fd11ce36c7718af239e6492a25a3dbfcec54240f959b9d816cf42413"
dependencies = [
 "bytes",
 "futures",
 "hyper 0.11.10",
 "hyper-tls",
 "libflate",
 "log 0.3.9",
 "mime_guess",
 "native-tls",
 "serde",
 "serde_json",
 "serde_urlencoded",
 "tokio-core",
 "tokio-io",
 "tokio-tls",
 "url",
 "uuid",
]

[[package]]
name = "ring"
version = "0.11.0"
source = "registry+https://github.com/rust-lang/crates.io-index"
checksum = "1f2a6dc7fc06a05e6de183c5b97058582e9da2de0c136eafe49609769c507724"
dependencies = [
 "gcc",
 "lazy_static 0.2.11",
 "libc",
 "rayon",
 "untrusted",
]

[[package]]
name = "rocket"
version = "0.3.5"
source = "registry+https://github.com/rust-lang/crates.io-index"
checksum = "0087caec5c1ffb28472919fe1df543478e00737f19f94c901a629d3b695e7245"
dependencies = [
 "base64 0.6.0",
 "cookie",
 "hyper 0.10.13",
 "isatty",
 "log 0.3.9",
 "memchr 1.0.2",
 "num_cpus",
 "ordermap",
 "pear",
 "pear_codegen",
 "smallvec 0.4.4",
 "state",
 "time",
 "toml",
 "url",
 "version_check",
 "yansi",
]

[[package]]
name = "rocket_codegen"
version = "0.3.5"
source = "registry+https://github.com/rust-lang/crates.io-index"
checksum = "830c2957ab6752ca49a0a6cb91011a0a34da4e4992cce7baaa75f924074daf7c"
dependencies = [
 "log 0.3.9",
 "rocket",
 "version_check",
 "yansi",
]

[[package]]
name = "rocket_contrib"
version = "0.3.5"
source = "registry+https://github.com/rust-lang/crates.io-index"
checksum = "8bc1b408501e6a9e8cc28a81567e856e9127c9567cbf602b8283befa48157324"
dependencies = [
 "glob",
 "handlebars",
 "log 0.3.9",
 "rocket",
 "serde",
 "serde_json",
]

[[package]]
name = "rustc-serialize"
version = "0.3.24"
source = "registry+https://github.com/rust-lang/crates.io-index"
checksum = "dcf128d1287d2ea9d80910b5f1120d0b8eede3fbf1abe91c40d39ea7d51e6fda"

[[package]]
name = "safemem"
version = "0.2.0"
source = "registry+https://github.com/rust-lang/crates.io-index"
checksum = "e27a8b19b835f7aea908818e871f5cc3a5a186550c30773be987e155e8163d8f"

[[package]]
name = "schannel"
version = "0.1.9"
source = "registry+https://github.com/rust-lang/crates.io-index"
checksum = "4330c2e874379fbd28fa67ba43239dbe8c7fb00662ceb1078bd37474f08bf5ce"
dependencies = [
 "advapi32-sys",
 "crypt32-sys",
 "kernel32-sys",
 "lazy_static 1.0.0",
 "secur32-sys",
 "winapi",
 "winapi-build",
]

[[package]]
name = "scheduled-thread-pool"
version = "0.1.0"
source = "registry+https://github.com/rust-lang/crates.io-index"
checksum = "2d9fbe48ead32343b76f544c85953bf260ed39219a8bbbb62cd85f6a00f9644f"
dependencies = [
 "antidote",
]

[[package]]
name = "scoped-tls"
version = "0.1.0"
source = "registry+https://github.com/rust-lang/crates.io-index"
checksum = "f417c22df063e9450888a7561788e9bd46d3bb3c1466435b4eccb903807f147d"

[[package]]
name = "scopeguard"
version = "0.3.3"
source = "registry+https://github.com/rust-lang/crates.io-index"
checksum = "94258f53601af11e6a49f722422f6e3425c52b06245a5cf9bc09908b174f5e27"

[[package]]
name = "secur32-sys"
version = "0.2.0"
source = "registry+https://github.com/rust-lang/crates.io-index"
checksum = "3f412dfa83308d893101dd59c10d6fda8283465976c28c287c5c855bf8d216bc"
dependencies = [
 "winapi",
 "winapi-build",
]

[[package]]
name = "security-framework"
version = "0.1.16"
source = "registry+https://github.com/rust-lang/crates.io-index"
checksum = "dfa44ee9c54ce5eecc9de7d5acbad112ee58755239381f687e564004ba4a2332"
dependencies = [
 "core-foundation",
 "core-foundation-sys",
 "libc",
 "security-framework-sys",
]

[[package]]
name = "security-framework-sys"
version = "0.1.16"
source = "registry+https://github.com/rust-lang/crates.io-index"
checksum = "5421621e836278a0b139268f36eee0dc7e389b784dc3f79d8f11aabadf41bead"
dependencies = [
 "core-foundation-sys",
 "libc",
]

[[package]]
name = "select"
version = "0.4.2"
source = "registry+https://github.com/rust-lang/crates.io-index"
checksum = "7004292887d0a030e29abda3ae1b63a577c96a17e25d74eaa1952503e6c1c946"
dependencies = [
 "bit-set",
 "html5ever",
]

[[package]]
name = "serde"
version = "1.0.26"
source = "registry+https://github.com/rust-lang/crates.io-index"
checksum = "d1d6af49db29f2f2678e442f4eb82e7d78f59dbbd3e373ccffc17fe70c1b94f8"

[[package]]
name = "serde_derive"
version = "1.0.26"
source = "registry+https://github.com/rust-lang/crates.io-index"
checksum = "95b4ea937d8dff4c94d1a6fdd710eade6aedaa17c4049da29bb97a4f8a4f4bc1"
dependencies = [
 "quote 0.3.15",
 "serde_derive_internals",
 "syn 0.11.11",
]

[[package]]
name = "serde_derive_internals"
version = "0.18.1"
source = "registry+https://github.com/rust-lang/crates.io-index"
checksum = "730fe9f29fe8db69a601837f416e46cba07792031ed6b27557a43e49d62d89ae"
dependencies = [
 "syn 0.11.11",
 "synom",
]

[[package]]
name = "serde_json"
version = "1.0.8"
source = "registry+https://github.com/rust-lang/crates.io-index"
checksum = "7cf5b0b5b4bd22eeecb7e01ac2e1225c7ef5e4272b79ee28a8392a8c8489c839"
dependencies = [
 "dtoa",
 "itoa",
 "num-traits 0.1.41",
 "serde",
]

[[package]]
name = "serde_urlencoded"
version = "0.5.1"
source = "registry+https://github.com/rust-lang/crates.io-index"
checksum = "ce0fd303af908732989354c6f02e05e2e6d597152870f2c6990efb0577137480"
dependencies = [
 "dtoa",
 "itoa",
 "serde",
 "url",
]

[[package]]
name = "sha-1"
version = "0.4.1"
source = "registry+https://github.com/rust-lang/crates.io-index"
checksum = "4172176a276b62241556af0cf0c58a2dd6625cfc01a4d0bb59dc0db43e0c319d"
dependencies = [
 "block-buffer",
 "byte-tools",
 "digest",
 "fake-simd",
 "generic-array",
]

[[package]]
name = "siphasher"
version = "0.2.2"
source = "registry+https://github.com/rust-lang/crates.io-index"
checksum = "0df90a788073e8d0235a67e50441d47db7c8ad9debd91cbf43736a2a92d36537"

[[package]]
name = "slab"
version = "0.3.0"
source = "registry+https://github.com/rust-lang/crates.io-index"
checksum = "17b4fcaed89ab08ef143da37bc52adbcc04d4a69014f4c1208d6b51f0c47bc23"

[[package]]
name = "slab"
version = "0.4.0"
source = "registry+https://github.com/rust-lang/crates.io-index"
checksum = "fdeff4cd9ecff59ec7e3744cbca73dfe5ac35c2aedb2cfba8a1c715a18912e9d"

[[package]]
name = "smallvec"
version = "0.2.1"
source = "registry+https://github.com/rust-lang/crates.io-index"
checksum = "4c8cbcd6df1e117c2210e13ab5109635ad68a929fcbb8964dc965b76cb5ee013"

[[package]]
name = "smallvec"
version = "0.4.4"
source = "registry+https://github.com/rust-lang/crates.io-index"
checksum = "ee4f357e8cd37bf8822e1b964e96fd39e2cb5a0424f8aaa284ccaccc2162411c"

[[package]]
name = "state"
version = "0.3.2"
source = "registry+https://github.com/rust-lang/crates.io-index"
checksum = "acc74e29126a281afcfd8dfa0ae83f1720a1adf5fc99524898e45ca440a73919"

[[package]]
name = "string_cache"
version = "0.6.2"
source = "registry+https://github.com/rust-lang/crates.io-index"
checksum = "413fc7852aeeb5472f1986ef755f561ddf0c789d3d796e65f0b6fe293ecd4ef8"
dependencies = [
 "debug_unreachable",
 "lazy_static 0.2.11",
 "phf_shared",
 "precomputed-hash",
 "serde",
 "string_cache_codegen",
 "string_cache_shared",
]

[[package]]
name = "string_cache_codegen"
version = "0.4.0"
source = "registry+https://github.com/rust-lang/crates.io-index"
checksum = "479cde50c3539481f33906a387f2bd17c8e87cb848c35b6021d41fb81ff9b4d7"
dependencies = [
 "phf_generator",
 "phf_shared",
 "quote 0.3.15",
 "string_cache_shared",
]

[[package]]
name = "string_cache_shared"
version = "0.3.0"
source = "registry+https://github.com/rust-lang/crates.io-index"
checksum = "b1884d1bc09741d466d9b14e6d37ac89d6909cbcac41dd9ae982d4d063bbedfc"

[[package]]
name = "syn"
version = "0.11.11"
source = "registry+https://github.com/rust-lang/crates.io-index"
checksum = "d3b891b9015c88c576343b9b3e41c2c11a51c219ef067b264bd9c8aa9b441dad"
dependencies = [
 "quote 0.3.15",
 "synom",
 "unicode-xid",
]

[[package]]
name = "syn"
version = "1.0.96"
source = "registry+https://github.com/rust-lang/crates.io-index"
checksum = "0748dd251e24453cb8717f0354206b91557e4ec8703673a4b30208f2abaf1ebf"
dependencies = [
 "proc-macro2",
 "quote 1.0.18",
 "unicode-ident",
]

[[package]]
name = "synom"
version = "0.11.3"
source = "registry+https://github.com/rust-lang/crates.io-index"
checksum = "a393066ed9010ebaed60b9eafa373d4b1baac186dd7e008555b0f702b51945b6"
dependencies = [
 "unicode-xid",
]

[[package]]
name = "take"
version = "0.1.0"
source = "registry+https://github.com/rust-lang/crates.io-index"
checksum = "b157868d8ac1f56b64604539990685fa7611d8fa9e5476cf0c02cf34d32917c5"

[[package]]
name = "tempdir"
version = "0.3.5"
source = "registry+https://github.com/rust-lang/crates.io-index"
checksum = "87974a6f5c1dfb344d733055601650059a3363de2a6104819293baff662132d6"
dependencies = [
 "rand",
]

[[package]]
name = "tendril"
version = "0.3.1"
source = "registry+https://github.com/rust-lang/crates.io-index"
checksum = "8c1b72f8e2f5b73b65c315b1a70c730f24b9d7a25f39e98de8acbe2bb795caea"
dependencies = [
 "futf",
 "mac",
 "utf-8",
]

[[package]]
name = "termion"
version = "1.5.1"
source = "registry+https://github.com/rust-lang/crates.io-index"
checksum = "689a3bdfaab439fd92bc87df5c4c78417d3cbe537487274e9b0b2dce76e92096"
dependencies = [
 "libc",
 "redox_syscall",
 "redox_termios",
]

[[package]]
name = "thread-id"
version = "2.0.0"
source = "registry+https://github.com/rust-lang/crates.io-index"
checksum = "a9539db560102d1cef46b8b78ce737ff0bb64e7e18d35b2a5688f7d097d0ff03"
dependencies = [
 "kernel32-sys",
 "libc",
]

[[package]]
name = "thread_local"
version = "0.2.7"
source = "registry+https://github.com/rust-lang/crates.io-index"
checksum = "8576dbbfcaef9641452d5cf0df9b0e7eeab7694956dd33bb61515fb8f18cfdd5"
dependencies = [
 "thread-id",
]

[[package]]
name = "thread_local"
version = "0.3.5"
source = "registry+https://github.com/rust-lang/crates.io-index"
checksum = "279ef31c19ededf577bfd12dfae728040a21f635b06a24cd670ff510edd38963"
dependencies = [
 "lazy_static 1.0.0",
 "unreachable 1.0.0",
]

[[package]]
name = "time"
version = "0.1.38"
source = "registry+https://github.com/rust-lang/crates.io-index"
checksum = "d5d788d3aa77bc0ef3e9621256885555368b47bd495c13dd2e7413c89f845520"
dependencies = [
 "kernel32-sys",
 "libc",
 "redox_syscall",
 "winapi",
]

[[package]]
name = "tokio-core"
version = "0.1.11"
source = "registry+https://github.com/rust-lang/crates.io-index"
checksum = "c87c27560184212c9dc45cd8f38623f37918248aad5b58fb65303b5d07a98c6e"
dependencies = [
 "bytes",
 "futures",
 "iovec",
 "log 0.3.9",
 "mio",
 "scoped-tls",
 "slab 0.4.0",
 "tokio-io",
]

[[package]]
name = "tokio-io"
version = "0.1.4"
source = "registry+https://github.com/rust-lang/crates.io-index"
checksum = "514aae203178929dbf03318ad7c683126672d4d96eccb77b29603d33c9e25743"
dependencies = [
 "bytes",
 "futures",
 "log 0.3.9",
]

[[package]]
name = "tokio-proto"
version = "0.1.1"
source = "registry+https://github.com/rust-lang/crates.io-index"
checksum = "8fbb47ae81353c63c487030659494b295f6cb6576242f907f203473b191b0389"
dependencies = [
 "futures",
 "log 0.3.9",
 "net2",
 "rand",
 "slab 0.3.0",
 "smallvec 0.2.1",
 "take",
 "tokio-core",
 "tokio-io",
 "tokio-service",
]

[[package]]
name = "tokio-service"
version = "0.1.0"
source = "registry+https://github.com/rust-lang/crates.io-index"
checksum = "24da22d077e0f15f55162bdbdc661228c1581892f52074fb242678d015b45162"
dependencies = [
 "futures",
]

[[package]]
name = "tokio-tls"
version = "0.1.3"
source = "registry+https://github.com/rust-lang/crates.io-index"
checksum = "d88e411cac1c87e405e4090be004493c5d8072a370661033b1a64ea205ec2e13"
dependencies = [
 "futures",
 "native-tls",
 "tokio-core",
 "tokio-io",
]

[[package]]
name = "toml"
version = "0.4.5"
source = "registry+https://github.com/rust-lang/crates.io-index"
checksum = "a7540f4ffc193e0d3c94121edb19b055670d369f77d5804db11ae053a45b6e7e"
dependencies = [
 "serde",
]

[[package]]
name = "traitobject"
version = "0.1.0"
source = "registry+https://github.com/rust-lang/crates.io-index"
checksum = "efd1f82c56340fdf16f2a953d7bda4f8fdffba13d93b00844c25572110b26079"

[[package]]
name = "typeable"
version = "0.1.2"
source = "registry+https://github.com/rust-lang/crates.io-index"
checksum = "1410f6f91f21d1612654e7cc69193b0334f909dcf2c790c4826254fbb86f8887"

[[package]]
name = "typenum"
version = "1.10.0"
source = "registry+https://github.com/rust-lang/crates.io-index"
checksum = "612d636f949607bdf9b123b4a6f6d966dedf3ff669f7f045890d3a4a73948169"

[[package]]
name = "unicase"
version = "1.4.2"
source = "registry+https://github.com/rust-lang/crates.io-index"
checksum = "7f4765f83163b74f957c797ad9253caf97f103fb064d3999aea9568d09fc8a33"
dependencies = [
 "version_check",
]

[[package]]
name = "unicase"
version = "2.1.0"
source = "registry+https://github.com/rust-lang/crates.io-index"
checksum = "284b6d3db520d67fbe88fd778c21510d1b0ba4a551e5d0fbb023d33405f6de8a"
dependencies = [
 "version_check",
]

[[package]]
name = "unicode-bidi"
version = "0.3.4"
source = "registry+https://github.com/rust-lang/crates.io-index"
checksum = "49f2bd0c6468a8230e1db229cff8029217cf623c767ea5d60bfbd42729ea54d5"
dependencies = [
 "matches",
]

[[package]]
name = "unicode-ident"
version = "1.0.1"
source = "registry+https://github.com/rust-lang/crates.io-index"
checksum = "5bd2fe26506023ed7b5e1e315add59d6f584c621d037f9368fea9cfb988f368c"

[[package]]
name = "unicode-normalization"
version = "0.1.5"
source = "registry+https://github.com/rust-lang/crates.io-index"
checksum = "51ccda9ef9efa3f7ef5d91e8f9b83bbe6955f9bf86aec89d5cce2c874625920f"

[[package]]
name = "unicode-xid"
version = "0.0.4"
source = "registry+https://github.com/rust-lang/crates.io-index"
checksum = "8c1f860d7d29cf02cb2f3f359fd35991af3d30bac52c57d265a3c461074cb4dc"

[[package]]
name = "unreachable"
version = "0.1.1"
source = "registry+https://github.com/rust-lang/crates.io-index"
checksum = "1f2ae5ddb18e1c92664717616dd9549dde73f539f01bd7b77c2edb2446bdff91"
dependencies = [
 "void",
]

[[package]]
name = "unreachable"
version = "1.0.0"
source = "registry+https://github.com/rust-lang/crates.io-index"
checksum = "382810877fe448991dfc7f0dd6e3ae5d58088fd0ea5e35189655f84e6814fa56"
dependencies = [
 "void",
]

[[package]]
name = "untrusted"
version = "0.5.1"
source = "registry+https://github.com/rust-lang/crates.io-index"
checksum = "f392d7819dbe58833e26872f5f6f0d68b7bbbe90fc3667e98731c4a15ad9a7ae"

[[package]]
name = "url"
version = "1.6.0"
source = "registry+https://github.com/rust-lang/crates.io-index"
checksum = "fa35e768d4daf1d85733418a49fb42e10d7f633e394fccab4ab7aba897053fe2"
dependencies = [
 "idna",
 "matches",
 "percent-encoding",
]

[[package]]
name = "utf-8"
version = "0.7.1"
source = "registry+https://github.com/rust-lang/crates.io-index"
checksum = "b6f923c601c7ac48ef1d66f7d5b5b2d9a7ba9c51333ab75a3ddf8d0309185a56"
dependencies = [
 "matches",
]

[[package]]
name = "utf8-ranges"
version = "0.1.3"
source = "registry+https://github.com/rust-lang/crates.io-index"
checksum = "a1ca13c08c41c9c3e04224ed9ff80461d97e121589ff27c753a16cb10830ae0f"

[[package]]
name = "utf8-ranges"
version = "1.0.0"
source = "registry+https://github.com/rust-lang/crates.io-index"
checksum = "662fab6525a98beff2921d7f61a39e7d59e0b425ebc7d0d9e66d316e55124122"

[[package]]
name = "uuid"
version = "0.5.1"
source = "registry+https://github.com/rust-lang/crates.io-index"
checksum = "bcc7e3b898aa6f6c08e5295b6c89258d1331e9ac578cc992fb818759951bdc22"
dependencies = [
 "rand",
]

[[package]]
name = "vcpkg"
version = "0.2.2"
source = "registry+https://github.com/rust-lang/crates.io-index"
checksum = "9e0a7d8bed3178a8fb112199d466eeca9ed09a14ba8ad67718179b4fd5487d0b"

[[package]]
name = "version_check"
version = "0.1.3"
source = "registry+https://github.com/rust-lang/crates.io-index"
checksum = "6b772017e347561807c1aa192438c5fd74242a670a6cffacc40f2defd1dc069d"

[[package]]
name = "void"
version = "1.0.2"
source = "registry+https://github.com/rust-lang/crates.io-index"
checksum = "6a02e4885ed3bc0f2de90ea6dd45ebcbb66dacffe03547fadbb0eeae2770887d"

[[package]]
name = "winapi"
version = "0.2.8"
source = "registry+https://github.com/rust-lang/crates.io-index"
checksum = "167dc9d6949a9b857f3451275e911c3f44255842c1f7a76f33c55103a909087a"

[[package]]
name = "winapi-build"
version = "0.1.1"
source = "registry+https://github.com/rust-lang/crates.io-index"
checksum = "2d315eee3b34aca4797b2da6b13ed88266e6d612562a0c46390af8299fc699bc"

[[package]]
name = "ws2_32-sys"
version = "0.2.1"
source = "registry+https://github.com/rust-lang/crates.io-index"
checksum = "d59cefebd0c892fa2dd6de581e937301d8552cb44489cdff035c6187cb63fa5e"
dependencies = [
 "winapi",
 "winapi-build",
]

[[package]]
name = "yansi"
version = "0.3.4"
source = "registry+https://github.com/rust-lang/crates.io-index"
checksum = "a503e4eea629f145a693c8ed1eddba88b3b9de5171c6ebd0e2820cf82d38f934"
